
Microsoft Visual Studio Solution File, Format Version 12.00
# Visual Studio Version 16
VisualStudioVersion = 16.0.30320.27
MinimumVisualStudioVersion = 10.0.40219.1
Project("{F184B08F-C81C-45F6-A57F-5ABD9991F28F}") = "Capitulo III", "Capitulo III\Capitulo III.vbproj", "{1125B3B7-1CB3-41F6-A656-64427C6F93E8}"
EndProject
Project("{F184B08F-C81C-45F6-A57F-5ABD9991F28F}") = "Aplicacion06", "APLICACIONES RESUELTAS\Aplicacion06\Aplicacion06\Aplicacion06.vbproj", "{6DC49BA0-2F92-4D88-B450-2F3DAF01090F}"
EndProject
Project("{F184B08F-C81C-45F6-A57F-5ABD9991F28F}") = "Aplicacion07", "APLICACIONES RESUELTAS\Aplicacion07\Aplicacion07\Aplicacion07.vbproj", "{F4FD1107-A23D-4B02-9FEF-EC6F9B41F7FF}"
EndProject
Project("{F184B08F-C81C-45F6-A57F-5ABD9991F28F}") = "Aplicacion08", "APLICACIONES RESUELTAS\Aplicacion08\Aplicacion08\Aplicacion08.vbproj", "{40B12D53-A26E-4BD3-8B27-EB80807920B1}"
EndProject
Project("{F184B08F-C81C-45F6-A57F-5ABD9991F28F}") = "Aplicacion09", "APLICACIONES RESUELTAS\Aplicacion09\Aplicacion09\Aplicacion09.vbproj", "{E0BDB113-9CAF-4446-8900-C40A827F119C}"
EndProject
Project("{F184B08F-C81C-45F6-A57F-5ABD9991F28F}") = "Aplicacion10", "APLICACIONES RESUELTAS\Aplicaion10\Aplicaion10\Aplicacion10.vbproj", "{8EE9D3D4-38B5-45EA-88F2-87925B2F17A9}"
EndProject
Project("{F184B08F-C81C-45F6-A57F-5ABD9991F28F}") = "Aplicacion11", "APLICACIONES RESUELTAS\Aplicacion11\Aplicacion11\Aplicacion11.vbproj", "{0AE0C676-587D-4830-956A-F645CF582253}"
EndProject
Project("{F184B08F-C81C-45F6-A57F-5ABD9991F28F}") = "Aplicacion12", "APLICACIONES RESUELTAS\Aplicacion12\Aplicacion12\Aplicacion12.vbproj", "{45952DC9-5040-47FC-939C-290A1977DBAE}"
EndProject
Project("{F184B08F-C81C-45F6-A57F-5ABD9991F28F}") = "Aplicacion13", "APLICACIONES RESUELTAS\Aplicacion13\Aplicacion13\Aplicacion13.vbproj", "{A8F60F40-144B-4552-9F67-1FCEF767F363}"
EndProject
Project("{F184B08F-C81C-45F6-A57F-5ABD9991F28F}") = "Aplicacion14", "APLICACIONES RESUELTAS\Aplicacion14\Aplicacion14\Aplicacion14.vbproj", "{0B30DD49-8056-4FBA-BBB9-B890E05351DF}"
EndProject
Project("{F184B08F-C81C-45F6-A57F-5ABD9991F28F}") = "Aplicacion15", "APLICACIONES RESUELTAS\Aplicacion15\Aplicacion15\Aplicacion15.vbproj", "{21A74054-15E7-4094-A287-5AA8C3727EFD}"
EndProject
Project("{F184B08F-C81C-45F6-A57F-5ABD9991F28F}") = "Aplicacion16", "APLICACIONES RESUELTAS\Aplicacion16\Aplicacion16\Aplicacion16.vbproj", "{59D3AA05-5246-4731-B5F8-B6D0A78D8044}"
EndProject
Project("{F184B08F-C81C-45F6-A57F-5ABD9991F28F}") = "Aplicacion17", "APLICACIONES RESUELTAS\Aplicacion17\Aplicacion17\Aplicacion17.vbproj", "{BD037FF1-CC04-426F-ABC8-59EAC8BB5CE5}"
EndProject
Project("{F184B08F-C81C-45F6-A57F-5ABD9991F28F}") = "Aplicacion18", "APLICACIONES RESUELTAS\Aplicacion18\Aplicacion18\Aplicacion18.vbproj", "{3356888F-98A5-43B0-B03E-DA44854727F7}"
EndProject
Project("{F184B08F-C81C-45F6-A57F-5ABD9991F28F}") = "Aplicacion19", "APLICACIONES RESUELTAS\Aplicacion19\Aplicacion19\Aplicacion19.vbproj", "{EE6E7940-ACDB-4C7B-85F1-BA6ED1CDBB44}"
EndProject
Project("{F184B08F-C81C-45F6-A57F-5ABD9991F28F}") = "Aplicacion20", "APLICACIONES RESUELTAS\Aplicacion20\Aplicacion20\Aplicacion20.vbproj", "{1DBA080F-CEB8-4F08-BD87-E30E1A00428A}"
EndProject
Project("{F184B08F-C81C-45F6-A57F-5ABD9991F28F}") = "Aplicacion21", "APLICACIONES RESUELTAS\Aplicacion21\Aplicacion21\Aplicacion21.vbproj", "{AA533230-9CE7-4127-B8AC-483314D2B64E}"
EndProject
Project("{F184B08F-C81C-45F6-A57F-5ABD9991F28F}") = "Aplicacionpropuesta03", "APLICACIONES PROPUESTAS\Aplicacionpropuesta03\Aplicacionpropuesta03\Aplicacionpropuesta03.vbproj", "{0D21525E-132D-4379-B74B-43B94131C3BC}"
EndProject
Project("{F184B08F-C81C-45F6-A57F-5ABD9991F28F}") = "Aplicacionpropuesta04", "APLICACIONES PROPUESTAS\Aplicacionpropuesta04\Aplicacionpropuesta04\Aplicacionpropuesta04.vbproj", "{D7B2522C-A69A-4DC1-82C4-51CDF6C370BC}"
EndProject
Project("{F184B08F-C81C-45F6-A57F-5ABD9991F28F}") = "Aplicacionpropuesta05", "APLICACIONES PROPUESTAS\Aplicacionpropuesta05\Aplicacionpropuesta05\Aplicacionpropuesta05.vbproj", "{B8364D8C-FFD0-41C9-99DD-E3EE3D89B467}"
EndProject
Project("{F184B08F-C81C-45F6-A57F-5ABD9991F28F}") = "Aplicacionpropuesta06", "APLICACIONES PROPUESTAS\Aplicacionpropuesta06\Aplicacionpropuesta06\Aplicacionpropuesta06.vbproj", "{84FCD4F4-4390-4A31-900A-E53FE7AB7948}"
EndProject
Global
	GlobalSection(SolutionConfigurationPlatforms) = preSolution
		Debug|Any CPU = Debug|Any CPU
		Release|Any CPU = Release|Any CPU
	EndGlobalSection
	GlobalSection(ProjectConfigurationPlatforms) = postSolution
		{1125B3B7-1CB3-41F6-A656-64427C6F93E8}.Debug|Any CPU.ActiveCfg = Debug|Any CPU
		{1125B3B7-1CB3-41F6-A656-64427C6F93E8}.Debug|Any CPU.Build.0 = Debug|Any CPU
		{1125B3B7-1CB3-41F6-A656-64427C6F93E8}.Release|Any CPU.ActiveCfg = Release|Any CPU
		{1125B3B7-1CB3-41F6-A656-64427C6F93E8}.Release|Any CPU.Build.0 = Release|Any CPU
		{6DC49BA0-2F92-4D88-B450-2F3DAF01090F}.Debug|Any CPU.ActiveCfg = Debug|Any CPU
		{6DC49BA0-2F92-4D88-B450-2F3DAF01090F}.Debug|Any CPU.Build.0 = Debug|Any CPU
		{6DC49BA0-2F92-4D88-B450-2F3DAF01090F}.Release|Any CPU.ActiveCfg = Release|Any CPU
		{6DC49BA0-2F92-4D88-B450-2F3DAF01090F}.Release|Any CPU.Build.0 = Release|Any CPU
		{F4FD1107-A23D-4B02-9FEF-EC6F9B41F7FF}.Debug|Any CPU.ActiveCfg = Debug|Any CPU
		{F4FD1107-A23D-4B02-9FEF-EC6F9B41F7FF}.Debug|Any CPU.Build.0 = Debug|Any CPU
		{F4FD1107-A23D-4B02-9FEF-EC6F9B41F7FF}.Release|Any CPU.ActiveCfg = Release|Any CPU
		{F4FD1107-A23D-4B02-9FEF-EC6F9B41F7FF}.Release|Any CPU.Build.0 = Release|Any CPU
		{40B12D53-A26E-4BD3-8B27-EB80807920B1}.Debug|Any CPU.ActiveCfg = Debug|Any CPU
		{40B12D53-A26E-4BD3-8B27-EB80807920B1}.Debug|Any CPU.Build.0 = Debug|Any CPU
		{40B12D53-A26E-4BD3-8B27-EB80807920B1}.Release|Any CPU.ActiveCfg = Release|Any CPU
		{40B12D53-A26E-4BD3-8B27-EB80807920B1}.Release|Any CPU.Build.0 = Release|Any CPU
		{E0BDB113-9CAF-4446-8900-C40A827F119C}.Debug|Any CPU.ActiveCfg = Debug|Any CPU
		{E0BDB113-9CAF-4446-8900-C40A827F119C}.Debug|Any CPU.Build.0 = Debug|Any CPU
		{E0BDB113-9CAF-4446-8900-C40A827F119C}.Release|Any CPU.ActiveCfg = Release|Any CPU
		{E0BDB113-9CAF-4446-8900-C40A827F119C}.Release|Any CPU.Build.0 = Release|Any CPU
		{8EE9D3D4-38B5-45EA-88F2-87925B2F17A9}.Debug|Any CPU.ActiveCfg = Debug|Any CPU
		{8EE9D3D4-38B5-45EA-88F2-87925B2F17A9}.Debug|Any CPU.Build.0 = Debug|Any CPU
		{8EE9D3D4-38B5-45EA-88F2-87925B2F17A9}.Release|Any CPU.ActiveCfg = Release|Any CPU
		{8EE9D3D4-38B5-45EA-88F2-87925B2F17A9}.Release|Any CPU.Build.0 = Release|Any CPU
		{0AE0C676-587D-4830-956A-F645CF582253}.Debug|Any CPU.ActiveCfg = Debug|Any CPU
		{0AE0C676-587D-4830-956A-F645CF582253}.Debug|Any CPU.Build.0 = Debug|Any CPU
		{0AE0C676-587D-4830-956A-F645CF582253}.Release|Any CPU.ActiveCfg = Release|Any CPU
		{0AE0C676-587D-4830-956A-F645CF582253}.Release|Any CPU.Build.0 = Release|Any CPU
		{45952DC9-5040-47FC-939C-290A1977DBAE}.Debug|Any CPU.ActiveCfg = Debug|Any CPU
		{45952DC9-5040-47FC-939C-290A1977DBAE}.Debug|Any CPU.Build.0 = Debug|Any CPU
		{45952DC9-5040-47FC-939C-290A1977DBAE}.Release|Any CPU.ActiveCfg = Release|Any CPU
		{45952DC9-5040-47FC-939C-290A1977DBAE}.Release|Any CPU.Build.0 = Release|Any CPU
		{A8F60F40-144B-4552-9F67-1FCEF767F363}.Debug|Any CPU.ActiveCfg = Debug|Any CPU
		{A8F60F40-144B-4552-9F67-1FCEF767F363}.Debug|Any CPU.Build.0 = Debug|Any CPU
		{A8F60F40-144B-4552-9F67-1FCEF767F363}.Release|Any CPU.ActiveCfg = Release|Any CPU
		{A8F60F40-144B-4552-9F67-1FCEF767F363}.Release|Any CPU.Build.0 = Release|Any CPU
		{0B30DD49-8056-4FBA-BBB9-B890E05351DF}.Debug|Any CPU.ActiveCfg = Debug|Any CPU
		{0B30DD49-8056-4FBA-BBB9-B890E05351DF}.Debug|Any CPU.Build.0 = Debug|Any CPU
		{0B30DD49-8056-4FBA-BBB9-B890E05351DF}.Release|Any CPU.ActiveCfg = Release|Any CPU
		{0B30DD49-8056-4FBA-BBB9-B890E05351DF}.Release|Any CPU.Build.0 = Release|Any CPU
		{21A74054-15E7-4094-A287-5AA8C3727EFD}.Debug|Any CPU.ActiveCfg = Debug|Any CPU
		{21A74054-15E7-4094-A287-5AA8C3727EFD}.Debug|Any CPU.Build.0 = Debug|Any CPU
		{21A74054-15E7-4094-A287-5AA8C3727EFD}.Release|Any CPU.ActiveCfg = Release|Any CPU
		{21A74054-15E7-4094-A287-5AA8C3727EFD}.Release|Any CPU.Build.0 = Release|Any CPU
		{59D3AA05-5246-4731-B5F8-B6D0A78D8044}.Debug|Any CPU.ActiveCfg = Debug|Any CPU
		{59D3AA05-5246-4731-B5F8-B6D0A78D8044}.Debug|Any CPU.Build.0 = Debug|Any CPU
		{59D3AA05-5246-4731-B5F8-B6D0A78D8044}.Release|Any CPU.ActiveCfg = Release|Any CPU
		{59D3AA05-5246-4731-B5F8-B6D0A78D8044}.Release|Any CPU.Build.0 = Release|Any CPU
		{BD037FF1-CC04-426F-ABC8-59EAC8BB5CE5}.Debug|Any CPU.ActiveCfg = Debug|Any CPU
		{BD037FF1-CC04-426F-ABC8-59EAC8BB5CE5}.Debug|Any CPU.Build.0 = Debug|Any CPU
		{BD037FF1-CC04-426F-ABC8-59EAC8BB5CE5}.Release|Any CPU.ActiveCfg = Release|Any CPU
		{BD037FF1-CC04-426F-ABC8-59EAC8BB5CE5}.Release|Any CPU.Build.0 = Release|Any CPU
		{3356888F-98A5-43B0-B03E-DA44854727F7}.Debug|Any CPU.ActiveCfg = Debug|Any CPU
		{3356888F-98A5-43B0-B03E-DA44854727F7}.Debug|Any CPU.Build.0 = Debug|Any CPU
		{3356888F-98A5-43B0-B03E-DA44854727F7}.Release|Any CPU.ActiveCfg = Release|Any CPU
		{3356888F-98A5-43B0-B03E-DA44854727F7}.Release|Any CPU.Build.0 = Release|Any CPU
		{EE6E7940-ACDB-4C7B-85F1-BA6ED1CDBB44}.Debug|Any CPU.ActiveCfg = Debug|Any CPU
		{EE6E7940-ACDB-4C7B-85F1-BA6ED1CDBB44}.Debug|Any CPU.Build.0 = Debug|Any CPU
		{EE6E7940-ACDB-4C7B-85F1-BA6ED1CDBB44}.Release|Any CPU.ActiveCfg = Release|Any CPU
		{EE6E7940-ACDB-4C7B-85F1-BA6ED1CDBB44}.Release|Any CPU.Build.0 = Release|Any CPU
		{1DBA080F-CEB8-4F08-BD87-E30E1A00428A}.Debug|Any CPU.ActiveCfg = Debug|Any CPU
		{1DBA080F-CEB8-4F08-BD87-E30E1A00428A}.Debug|Any CPU.Build.0 = Debug|Any CPU
		{1DBA080F-CEB8-4F08-BD87-E30E1A00428A}.Release|Any CPU.ActiveCfg = Release|Any CPU
		{1DBA080F-CEB8-4F08-BD87-E30E1A00428A}.Release|Any CPU.Build.0 = Release|Any CPU
		{AA533230-9CE7-4127-B8AC-483314D2B64E}.Debug|Any CPU.ActiveCfg = Debug|Any CPU
		{AA533230-9CE7-4127-B8AC-483314D2B64E}.Debug|Any CPU.Build.0 = Debug|Any CPU
		{AA533230-9CE7-4127-B8AC-483314D2B64E}.Release|Any CPU.ActiveCfg = Release|Any CPU
		{AA533230-9CE7-4127-B8AC-483314D2B64E}.Release|Any CPU.Build.0 = Release|Any CPU
		{0D21525E-132D-4379-B74B-43B94131C3BC}.Debug|Any CPU.ActiveCfg = Debug|Any CPU
		{0D21525E-132D-4379-B74B-43B94131C3BC}.Debug|Any CPU.Build.0 = Debug|Any CPU
		{0D21525E-132D-4379-B74B-43B94131C3BC}.Release|Any CPU.ActiveCfg = Release|Any CPU
		{0D21525E-132D-4379-B74B-43B94131C3BC}.Release|Any CPU.Build.0 = Release|Any CPU
		{D7B2522C-A69A-4DC1-82C4-51CDF6C370BC}.Debug|Any CPU.ActiveCfg = Debug|Any CPU
		{D7B2522C-A69A-4DC1-82C4-51CDF6C370BC}.Debug|Any CPU.Build.0 = Debug|Any CPU
		{D7B2522C-A69A-4DC1-82C4-51CDF6C370BC}.Release|Any CPU.ActiveCfg = Release|Any CPU
		{D7B2522C-A69A-4DC1-82C4-51CDF6C370BC}.Release|Any CPU.Build.0 = Release|Any CPU
		{B8364D8C-FFD0-41C9-99DD-E3EE3D89B467}.Debug|Any CPU.ActiveCfg = Debug|Any CPU
		{B8364D8C-FFD0-41C9-99DD-E3EE3D89B467}.Debug|Any CPU.Build.0 = Debug|Any CPU
		{B8364D8C-FFD0-41C9-99DD-E3EE3D89B467}.Release|Any CPU.ActiveCfg = Release|Any CPU
		{B8364D8C-FFD0-41C9-99DD-E3EE3D89B467}.Release|Any CPU.Build.0 = Release|Any CPU
		{84FCD4F4-4390-4A31-900A-E53FE7AB7948}.Debug|Any CPU.ActiveCfg = Debug|Any CPU
		{84FCD4F4-4390-4A31-900A-E53FE7AB7948}.Debug|Any CPU.Build.0 = Debug|Any CPU
		{84FCD4F4-4390-4A31-900A-E53FE7AB7948}.Release|Any CPU.ActiveCfg = Release|Any CPU
		{84FCD4F4-4390-4A31-900A-E53FE7AB7948}.Release|Any CPU.Build.0 = Release|Any CPU
	EndGlobalSection
	GlobalSection(SolutionProperties) = preSolution
		HideSolutionNode = FALSE
	EndGlobalSection
	GlobalSection(ExtensibilityGlobals) = postSolution
		SolutionGuid = {9EED1B19-5372-4E95-9612-C6337C8B9F38}
	EndGlobalSection
EndGlobal
