
Microsoft Visual Studio Solution File, Format Version 12.00
# Visual Studio Version 16
VisualStudioVersion = 16.0.30320.27
MinimumVisualStudioVersion = 10.0.40219.1
Project("{F184B08F-C81C-45F6-A57F-5ABD9991F28F}") = "Aplicacion09", "Aplicacion09\Aplicacion09.vbproj", "{E0BDB113-9CAF-4446-8900-C40A827F119C}"
EndProject
Global
	GlobalSection(SolutionConfigurationPlatforms) = preSolution
		Debug|Any CPU = Debug|Any CPU
		Release|Any CPU = Release|Any CPU
	EndGlobalSection
	GlobalSection(ProjectConfigurationPlatforms) = postSolution
		{E0BDB113-9CAF-4446-8900-C40A827F119C}.Debug|Any CPU.ActiveCfg = Debug|Any CPU
		{E0BDB113-9CAF-4446-8900-C40A827F119C}.Debug|Any CPU.Build.0 = Debug|Any CPU
		{E0BDB113-9CAF-4446-8900-C40A827F119C}.Release|Any CPU.ActiveCfg = Release|Any CPU
		{E0BDB113-9CAF-4446-8900-C40A827F119C}.Release|Any CPU.Build.0 = Release|Any CPU
	EndGlobalSection
	GlobalSection(SolutionProperties) = preSolution
		HideSolutionNode = FALSE
	EndGlobalSection
	GlobalSection(ExtensibilityGlobals) = postSolution
		SolutionGuid = {AB6AD684-ECCD-4F43-B97D-F2E9B634E468}
	EndGlobalSection
EndGlobal
